
Microsoft Visual Studio Solution File, Format Version 12.00
# Visual Studio Version 17
VisualStudioVersion = 17.14.36414.22
MinimumVisualStudioVersion = 10.0.40219.1
Project("{FAE04EC0-301F-11D3-BF4B-00C04F79EFBC}") = "01_HelloWorld", "01_HelloWorld\01_HelloWorld.csproj", "{617BA322-23A5-4373-A86D-D39C9DF8FD88}"
EndProject
Project("{FAE04EC0-301F-11D3-BF4B-00C04F79EFBC}") = "02_InputName", "02_InputName\02_InputName.csproj", "{6C185195-0F79-4582-A9FC-4EA14BD10784}"
EndProject
Project("{FAE04EC0-301F-11D3-BF4B-00C04F79EFBC}") = "03_Datatypes", "03_Datatypes\03_Datatypes.csproj", "{8F9B0396-D706-4354-A454-FCF663C3073C}"
EndProject
Project("{2150E333-8FDC-42A3-9474-1A3956D46DE8}") = "Grundlagen", "Grundlagen", "{02EA681E-C7D8-13C7-8484-4AC65E1B71E8}"
EndProject
Project("{FAE04EC0-301F-11D3-BF4B-00C04F79EFBC}") = "04_Grundlagen", "04_Grundlagen\04_Grundlagen.csproj", "{2201176B-8A83-4281-803B-603A8BBEFD49}"
EndProject
Project("{FAE04EC0-301F-11D3-BF4B-00C04F79EFBC}") = "05_Grundlagen", "05_Grundlagen\05_Grundlagen.csproj", "{298B3BF4-44FE-42ED-9F3B-41DDF67628ED}"
EndProject
Project("{FAE04EC0-301F-11D3-BF4B-00C04F79EFBC}") = "06_Grundlagen", "06_Grundlagen\06_Grundlagen.csproj", "{59D6FFF3-AC6F-4BC6-894D-26890D8EC0D8}"
EndProject
Project("{FAE04EC0-301F-11D3-BF4B-00C04F79EFBC}") = "07_Grundlagen", "07_Grundlagen\07_Grundlagen.csproj", "{07619234-EC06-439F-8872-A1532E673A05}"
EndProject
Project("{FAE04EC0-301F-11D3-BF4B-00C04F79EFBC}") = "09_Grundlagen", "09_Grundlagen\09_Grundlagen.csproj", "{1F2D7CDB-C105-40AF-8C62-923EADDFE20C}"
EndProject
Project("{FAE04EC0-301F-11D3-BF4B-00C04F79EFBC}") = "08_Grundlagen", "08_Grundlagen\08_Grundlagen.csproj", "{C7A15AF9-4A16-4604-BBE1-4890FDCF72D2}"
EndProject
Project("{FAE04EC0-301F-11D3-BF4B-00C04F79EFBC}") = "10_Grundlagen", "10_Grundlagen\10_Grundlagen.csproj", "{30AD0F2F-8487-4135-86C5-78E2E9316091}"
EndProject
Project("{FAE04EC0-301F-11D3-BF4B-00C04F79EFBC}") = "11_Grundlagen", "11_Grundlagen\11_Grundlagen.csproj", "{1841041A-D3E9-4632-8510-D1935D66218C}"
EndProject
Project("{FAE04EC0-301F-11D3-BF4B-00C04F79EFBC}") = "12_Grundlagen", "12_Grundlagen\12_Grundlagen.csproj", "{92DE9A85-E2A1-6D2A-9E2D-E9428B364562}"
EndProject
Project("{FAE04EC0-301F-11D3-BF4B-00C04F79EFBC}") = "13_Grundlagen", "13_Grundlagen\13_Grundlagen.csproj", "{69202441-49CE-32CD-4CC4-DB5A2937A989}"
EndProject
Project("{FAE04EC0-301F-11D3-BF4B-00C04F79EFBC}") = "14_Grundlagen", "14_Grundlagen\14_Grundlagen.csproj", "{41F7ED61-9654-9344-1339-88A0D8394822}"
EndProject
Project("{FAE04EC0-301F-11D3-BF4B-00C04F79EFBC}") = "15_Grundlagen", "15_Grundlagen\15_Grundlagen.csproj", "{C9769576-3660-B232-1349-23E8DB4E0E01}"
EndProject
Project("{FAE04EC0-301F-11D3-BF4B-00C04F79EFBC}") = "16_Grundlagen", "16_Grundlagen\16_Grundlagen.csproj", "{BEC8E2E3-F93E-DE23-8E78-52D530F244DB}"
EndProject
Project("{2150E333-8FDC-42A3-9474-1A3956D46DE8}") = "OOP", "OOP", "{C00F27C9-E290-4679-9D3B-0E5C1E4757E9}"
EndProject
Project("{FAE04EC0-301F-11D3-BF4B-00C04F79EFBC}") = "1_OOP", "1_OOP\1_OOP.csproj", "{07E430F7-9F6C-4AFE-A399-0D1841A52F85}"
EndProject
Project("{FAE04EC0-301F-11D3-BF4B-00C04F79EFBC}") = "2_OOP_Rectangle", "2_OOP\2_OOP_Rectangle.csproj", "{4A6F2CC2-EDEB-4C7B-8476-1CCA6281E351}"
EndProject
Project("{FAE04EC0-301F-11D3-BF4B-00C04F79EFBC}") = "3_OOP_Farm", "3_OOP_Farm\3_OOP_Farm.csproj", "{188AB811-D175-4169-B4D6-15CDEB5976B1}"
EndProject
Project("{FAE04EC0-301F-11D3-BF4B-00C04F79EFBC}") = "17_Grundlagen", "17_Grundlagen\17_Grundlagen.csproj", "{D4CE1677-243C-881D-6737-5AC446FC347D}"
EndProject
Project("{FAE04EC0-301F-11D3-BF4B-00C04F79EFBC}") = "18_Grundlagen", "18_Grundlagen\18_Grundlagen.csproj", "{B8A63845-B06B-F063-6727-4C6D606FE9D7}"
EndProject
Project("{FAE04EC0-301F-11D3-BF4B-00C04F79EFBC}") = "19_Grundlagen", "19_Grundlagen\19_Grundlagen.csproj", "{032296D0-1AAA-1453-93B2-00EFDD61B1CD}"
EndProject
Project("{2150E333-8FDC-42A3-9474-1A3956D46DE8}") = "Hue", "Hue", "{E1A7D1EE-88E9-4789-9E23-D26AE034667C}"
EndProject
Project("{FAE04EC0-301F-11D3-BF4B-00C04F79EFBC}") = "2Hue_1", "2Hue_1\2Hue_1.csproj", "{05F42659-4074-ED3C-0DE6-864FBF98DE2C}"
EndProject
Project("{FAE04EC0-301F-11D3-BF4B-00C04F79EFBC}") = "2Hue_2", "2Hue_2\2Hue_2.csproj", "{E48F2DCA-71D0-CA78-47C4-DEA3A991CA93}"
EndProject
Project("{FAE04EC0-301F-11D3-BF4B-00C04F79EFBC}") = "4_24_Fraction", "24_Fraction\4_24_Fraction.csproj", "{E48F2FE4-91EC-4DCA-9185-384EA033C072}"
EndProject
Project("{FAE04EC0-301F-11D3-BF4B-00C04F79EFBC}") = "Hue8.1", "Hue8.1\Hue8.1.csproj", "{59039781-7276-4211-B91F-1818EA409055}"
EndProject
Project("{FAE04EC0-301F-11D3-BF4B-00C04F79EFBC}") = "Hue6", "Hue6\Hue6.csproj", "{23EBFFF6-E501-485D-8230-2BF74648794F}"
EndProject
Project("{FAE04EC0-301F-11D3-BF4B-00C04F79EFBC}") = "Hue6.2", "Hue6.2\Hue6.2.csproj", "{C67B7C00-B166-4661-9CC3-5551E998C17B}"
EndProject
Project("{FAE04EC0-301F-11D3-BF4B-00C04F79EFBC}") = "29_StopWatch", "09_StopWatch\29_StopWatch.csproj", "{94E5E4F2-165E-4F37-9C4C-8106C3A583FF}"
EndProject
Global
	GlobalSection(SolutionConfigurationPlatforms) = preSolution
		Debug|Any CPU = Debug|Any CPU
		Release|Any CPU = Release|Any CPU
	EndGlobalSection
	GlobalSection(ProjectConfigurationPlatforms) = postSolution
		{617BA322-23A5-4373-A86D-D39C9DF8FD88}.Debug|Any CPU.ActiveCfg = Debug|Any CPU
		{617BA322-23A5-4373-A86D-D39C9DF8FD88}.Debug|Any CPU.Build.0 = Debug|Any CPU
		{617BA322-23A5-4373-A86D-D39C9DF8FD88}.Release|Any CPU.ActiveCfg = Release|Any CPU
		{617BA322-23A5-4373-A86D-D39C9DF8FD88}.Release|Any CPU.Build.0 = Release|Any CPU
		{6C185195-0F79-4582-A9FC-4EA14BD10784}.Debug|Any CPU.ActiveCfg = Debug|Any CPU
		{6C185195-0F79-4582-A9FC-4EA14BD10784}.Debug|Any CPU.Build.0 = Debug|Any CPU
		{6C185195-0F79-4582-A9FC-4EA14BD10784}.Release|Any CPU.ActiveCfg = Release|Any CPU
		{6C185195-0F79-4582-A9FC-4EA14BD10784}.Release|Any CPU.Build.0 = Release|Any CPU
		{8F9B0396-D706-4354-A454-FCF663C3073C}.Debug|Any CPU.ActiveCfg = Debug|Any CPU
		{8F9B0396-D706-4354-A454-FCF663C3073C}.Debug|Any CPU.Build.0 = Debug|Any CPU
		{8F9B0396-D706-4354-A454-FCF663C3073C}.Release|Any CPU.ActiveCfg = Release|Any CPU
		{8F9B0396-D706-4354-A454-FCF663C3073C}.Release|Any CPU.Build.0 = Release|Any CPU
		{2201176B-8A83-4281-803B-603A8BBEFD49}.Debug|Any CPU.ActiveCfg = Debug|Any CPU
		{2201176B-8A83-4281-803B-603A8BBEFD49}.Debug|Any CPU.Build.0 = Debug|Any CPU
		{2201176B-8A83-4281-803B-603A8BBEFD49}.Release|Any CPU.ActiveCfg = Release|Any CPU
		{2201176B-8A83-4281-803B-603A8BBEFD49}.Release|Any CPU.Build.0 = Release|Any CPU
		{298B3BF4-44FE-42ED-9F3B-41DDF67628ED}.Debug|Any CPU.ActiveCfg = Debug|Any CPU
		{298B3BF4-44FE-42ED-9F3B-41DDF67628ED}.Debug|Any CPU.Build.0 = Debug|Any CPU
		{298B3BF4-44FE-42ED-9F3B-41DDF67628ED}.Release|Any CPU.ActiveCfg = Release|Any CPU
		{298B3BF4-44FE-42ED-9F3B-41DDF67628ED}.Release|Any CPU.Build.0 = Release|Any CPU
		{59D6FFF3-AC6F-4BC6-894D-26890D8EC0D8}.Debug|Any CPU.ActiveCfg = Debug|Any CPU
		{59D6FFF3-AC6F-4BC6-894D-26890D8EC0D8}.Debug|Any CPU.Build.0 = Debug|Any CPU
		{59D6FFF3-AC6F-4BC6-894D-26890D8EC0D8}.Release|Any CPU.ActiveCfg = Release|Any CPU
		{59D6FFF3-AC6F-4BC6-894D-26890D8EC0D8}.Release|Any CPU.Build.0 = Release|Any CPU
		{07619234-EC06-439F-8872-A1532E673A05}.Debug|Any CPU.ActiveCfg = Debug|Any CPU
		{07619234-EC06-439F-8872-A1532E673A05}.Debug|Any CPU.Build.0 = Debug|Any CPU
		{07619234-EC06-439F-8872-A1532E673A05}.Release|Any CPU.ActiveCfg = Release|Any CPU
		{07619234-EC06-439F-8872-A1532E673A05}.Release|Any CPU.Build.0 = Release|Any CPU
		{1F2D7CDB-C105-40AF-8C62-923EADDFE20C}.Debug|Any CPU.ActiveCfg = Debug|Any CPU
		{1F2D7CDB-C105-40AF-8C62-923EADDFE20C}.Debug|Any CPU.Build.0 = Debug|Any CPU
		{1F2D7CDB-C105-40AF-8C62-923EADDFE20C}.Release|Any CPU.ActiveCfg = Release|Any CPU
		{1F2D7CDB-C105-40AF-8C62-923EADDFE20C}.Release|Any CPU.Build.0 = Release|Any CPU
		{C7A15AF9-4A16-4604-BBE1-4890FDCF72D2}.Debug|Any CPU.ActiveCfg = Debug|Any CPU
		{C7A15AF9-4A16-4604-BBE1-4890FDCF72D2}.Debug|Any CPU.Build.0 = Debug|Any CPU
		{C7A15AF9-4A16-4604-BBE1-4890FDCF72D2}.Release|Any CPU.ActiveCfg = Release|Any CPU
		{C7A15AF9-4A16-4604-BBE1-4890FDCF72D2}.Release|Any CPU.Build.0 = Release|Any CPU
		{30AD0F2F-8487-4135-86C5-78E2E9316091}.Debug|Any CPU.ActiveCfg = Debug|Any CPU
		{30AD0F2F-8487-4135-86C5-78E2E9316091}.Debug|Any CPU.Build.0 = Debug|Any CPU
		{30AD0F2F-8487-4135-86C5-78E2E9316091}.Release|Any CPU.ActiveCfg = Release|Any CPU
		{30AD0F2F-8487-4135-86C5-78E2E9316091}.Release|Any CPU.Build.0 = Release|Any CPU
		{1841041A-D3E9-4632-8510-D1935D66218C}.Debug|Any CPU.ActiveCfg = Debug|Any CPU
		{1841041A-D3E9-4632-8510-D1935D66218C}.Debug|Any CPU.Build.0 = Debug|Any CPU
		{1841041A-D3E9-4632-8510-D1935D66218C}.Release|Any CPU.ActiveCfg = Release|Any CPU
		{1841041A-D3E9-4632-8510-D1935D66218C}.Release|Any CPU.Build.0 = Release|Any CPU
		{92DE9A85-E2A1-6D2A-9E2D-E9428B364562}.Debug|Any CPU.ActiveCfg = Debug|Any CPU
		{92DE9A85-E2A1-6D2A-9E2D-E9428B364562}.Debug|Any CPU.Build.0 = Debug|Any CPU
		{92DE9A85-E2A1-6D2A-9E2D-E9428B364562}.Release|Any CPU.ActiveCfg = Release|Any CPU
		{92DE9A85-E2A1-6D2A-9E2D-E9428B364562}.Release|Any CPU.Build.0 = Release|Any CPU
		{69202441-49CE-32CD-4CC4-DB5A2937A989}.Debug|Any CPU.ActiveCfg = Debug|Any CPU
		{69202441-49CE-32CD-4CC4-DB5A2937A989}.Debug|Any CPU.Build.0 = Debug|Any CPU
		{69202441-49CE-32CD-4CC4-DB5A2937A989}.Release|Any CPU.ActiveCfg = Release|Any CPU
		{69202441-49CE-32CD-4CC4-DB5A2937A989}.Release|Any CPU.Build.0 = Release|Any CPU
		{41F7ED61-9654-9344-1339-88A0D8394822}.Debug|Any CPU.ActiveCfg = Debug|Any CPU
		{41F7ED61-9654-9344-1339-88A0D8394822}.Debug|Any CPU.Build.0 = Debug|Any CPU
		{41F7ED61-9654-9344-1339-88A0D8394822}.Release|Any CPU.ActiveCfg = Release|Any CPU
		{41F7ED61-9654-9344-1339-88A0D8394822}.Release|Any CPU.Build.0 = Release|Any CPU
		{C9769576-3660-B232-1349-23E8DB4E0E01}.Debug|Any CPU.ActiveCfg = Debug|Any CPU
		{C9769576-3660-B232-1349-23E8DB4E0E01}.Debug|Any CPU.Build.0 = Debug|Any CPU
		{C9769576-3660-B232-1349-23E8DB4E0E01}.Release|Any CPU.ActiveCfg = Release|Any CPU
		{C9769576-3660-B232-1349-23E8DB4E0E01}.Release|Any CPU.Build.0 = Release|Any CPU
		{BEC8E2E3-F93E-DE23-8E78-52D530F244DB}.Debug|Any CPU.ActiveCfg = Debug|Any CPU
		{BEC8E2E3-F93E-DE23-8E78-52D530F244DB}.Debug|Any CPU.Build.0 = Debug|Any CPU
		{BEC8E2E3-F93E-DE23-8E78-52D530F244DB}.Release|Any CPU.ActiveCfg = Release|Any CPU
		{BEC8E2E3-F93E-DE23-8E78-52D530F244DB}.Release|Any CPU.Build.0 = Release|Any CPU
		{07E430F7-9F6C-4AFE-A399-0D1841A52F85}.Debug|Any CPU.ActiveCfg = Debug|Any CPU
		{07E430F7-9F6C-4AFE-A399-0D1841A52F85}.Debug|Any CPU.Build.0 = Debug|Any CPU
		{07E430F7-9F6C-4AFE-A399-0D1841A52F85}.Release|Any CPU.ActiveCfg = Release|Any CPU
		{07E430F7-9F6C-4AFE-A399-0D1841A52F85}.Release|Any CPU.Build.0 = Release|Any CPU
		{4A6F2CC2-EDEB-4C7B-8476-1CCA6281E351}.Debug|Any CPU.ActiveCfg = Debug|Any CPU
		{4A6F2CC2-EDEB-4C7B-8476-1CCA6281E351}.Debug|Any CPU.Build.0 = Debug|Any CPU
		{4A6F2CC2-EDEB-4C7B-8476-1CCA6281E351}.Release|Any CPU.ActiveCfg = Release|Any CPU
		{4A6F2CC2-EDEB-4C7B-8476-1CCA6281E351}.Release|Any CPU.Build.0 = Release|Any CPU
		{188AB811-D175-4169-B4D6-15CDEB5976B1}.Debug|Any CPU.ActiveCfg = Debug|Any CPU
		{188AB811-D175-4169-B4D6-15CDEB5976B1}.Debug|Any CPU.Build.0 = Debug|Any CPU
		{188AB811-D175-4169-B4D6-15CDEB5976B1}.Release|Any CPU.ActiveCfg = Release|Any CPU
		{188AB811-D175-4169-B4D6-15CDEB5976B1}.Release|Any CPU.Build.0 = Release|Any CPU
		{D4CE1677-243C-881D-6737-5AC446FC347D}.Debug|Any CPU.ActiveCfg = Debug|Any CPU
		{D4CE1677-243C-881D-6737-5AC446FC347D}.Debug|Any CPU.Build.0 = Debug|Any CPU
		{D4CE1677-243C-881D-6737-5AC446FC347D}.Release|Any CPU.ActiveCfg = Release|Any CPU
		{D4CE1677-243C-881D-6737-5AC446FC347D}.Release|Any CPU.Build.0 = Release|Any CPU
		{B8A63845-B06B-F063-6727-4C6D606FE9D7}.Debug|Any CPU.ActiveCfg = Debug|Any CPU
		{B8A63845-B06B-F063-6727-4C6D606FE9D7}.Debug|Any CPU.Build.0 = Debug|Any CPU
		{B8A63845-B06B-F063-6727-4C6D606FE9D7}.Release|Any CPU.ActiveCfg = Release|Any CPU
		{B8A63845-B06B-F063-6727-4C6D606FE9D7}.Release|Any CPU.Build.0 = Release|Any CPU
		{032296D0-1AAA-1453-93B2-00EFDD61B1CD}.Debug|Any CPU.ActiveCfg = Debug|Any CPU
		{032296D0-1AAA-1453-93B2-00EFDD61B1CD}.Debug|Any CPU.Build.0 = Debug|Any CPU
		{032296D0-1AAA-1453-93B2-00EFDD61B1CD}.Release|Any CPU.ActiveCfg = Release|Any CPU
		{032296D0-1AAA-1453-93B2-00EFDD61B1CD}.Release|Any CPU.Build.0 = Release|Any CPU
		{05F42659-4074-ED3C-0DE6-864FBF98DE2C}.Debug|Any CPU.ActiveCfg = Debug|Any CPU
		{05F42659-4074-ED3C-0DE6-864FBF98DE2C}.Debug|Any CPU.Build.0 = Debug|Any CPU
		{05F42659-4074-ED3C-0DE6-864FBF98DE2C}.Release|Any CPU.ActiveCfg = Release|Any CPU
		{05F42659-4074-ED3C-0DE6-864FBF98DE2C}.Release|Any CPU.Build.0 = Release|Any CPU
		{E48F2DCA-71D0-CA78-47C4-DEA3A991CA93}.Debug|Any CPU.ActiveCfg = Debug|Any CPU
		{E48F2DCA-71D0-CA78-47C4-DEA3A991CA93}.Debug|Any CPU.Build.0 = Debug|Any CPU
		{E48F2DCA-71D0-CA78-47C4-DEA3A991CA93}.Release|Any CPU.ActiveCfg = Release|Any CPU
		{E48F2DCA-71D0-CA78-47C4-DEA3A991CA93}.Release|Any CPU.Build.0 = Release|Any CPU
		{E48F2FE4-91EC-4DCA-9185-384EA033C072}.Debug|Any CPU.ActiveCfg = Debug|Any CPU
		{E48F2FE4-91EC-4DCA-9185-384EA033C072}.Debug|Any CPU.Build.0 = Debug|Any CPU
		{E48F2FE4-91EC-4DCA-9185-384EA033C072}.Release|Any CPU.ActiveCfg = Release|Any CPU
		{E48F2FE4-91EC-4DCA-9185-384EA033C072}.Release|Any CPU.Build.0 = Release|Any CPU
		{59039781-7276-4211-B91F-1818EA409055}.Debug|Any CPU.ActiveCfg = Debug|Any CPU
		{59039781-7276-4211-B91F-1818EA409055}.Debug|Any CPU.Build.0 = Debug|Any CPU
		{59039781-7276-4211-B91F-1818EA409055}.Release|Any CPU.ActiveCfg = Release|Any CPU
		{59039781-7276-4211-B91F-1818EA409055}.Release|Any CPU.Build.0 = Release|Any CPU
		{23EBFFF6-E501-485D-8230-2BF74648794F}.Debug|Any CPU.ActiveCfg = Debug|Any CPU
		{23EBFFF6-E501-485D-8230-2BF74648794F}.Debug|Any CPU.Build.0 = Debug|Any CPU
		{23EBFFF6-E501-485D-8230-2BF74648794F}.Release|Any CPU.ActiveCfg = Release|Any CPU
		{23EBFFF6-E501-485D-8230-2BF74648794F}.Release|Any CPU.Build.0 = Release|Any CPU
		{C67B7C00-B166-4661-9CC3-5551E998C17B}.Debug|Any CPU.ActiveCfg = Debug|Any CPU
		{C67B7C00-B166-4661-9CC3-5551E998C17B}.Debug|Any CPU.Build.0 = Debug|Any CPU
		{C67B7C00-B166-4661-9CC3-5551E998C17B}.Release|Any CPU.ActiveCfg = Release|Any CPU
		{C67B7C00-B166-4661-9CC3-5551E998C17B}.Release|Any CPU.Build.0 = Release|Any CPU
		{94E5E4F2-165E-4F37-9C4C-8106C3A583FF}.Debug|Any CPU.ActiveCfg = Debug|Any CPU
		{94E5E4F2-165E-4F37-9C4C-8106C3A583FF}.Debug|Any CPU.Build.0 = Debug|Any CPU
		{94E5E4F2-165E-4F37-9C4C-8106C3A583FF}.Release|Any CPU.ActiveCfg = Release|Any CPU
		{94E5E4F2-165E-4F37-9C4C-8106C3A583FF}.Release|Any CPU.Build.0 = Release|Any CPU
	EndGlobalSection
	GlobalSection(SolutionProperties) = preSolution
		HideSolutionNode = FALSE
	EndGlobalSection
	GlobalSection(NestedProjects) = preSolution
		{617BA322-23A5-4373-A86D-D39C9DF8FD88} = {02EA681E-C7D8-13C7-8484-4AC65E1B71E8}
		{6C185195-0F79-4582-A9FC-4EA14BD10784} = {02EA681E-C7D8-13C7-8484-4AC65E1B71E8}
		{8F9B0396-D706-4354-A454-FCF663C3073C} = {02EA681E-C7D8-13C7-8484-4AC65E1B71E8}
		{2201176B-8A83-4281-803B-603A8BBEFD49} = {02EA681E-C7D8-13C7-8484-4AC65E1B71E8}
		{298B3BF4-44FE-42ED-9F3B-41DDF67628ED} = {02EA681E-C7D8-13C7-8484-4AC65E1B71E8}
		{59D6FFF3-AC6F-4BC6-894D-26890D8EC0D8} = {02EA681E-C7D8-13C7-8484-4AC65E1B71E8}
		{07619234-EC06-439F-8872-A1532E673A05} = {02EA681E-C7D8-13C7-8484-4AC65E1B71E8}
		{1F2D7CDB-C105-40AF-8C62-923EADDFE20C} = {02EA681E-C7D8-13C7-8484-4AC65E1B71E8}
		{C7A15AF9-4A16-4604-BBE1-4890FDCF72D2} = {02EA681E-C7D8-13C7-8484-4AC65E1B71E8}
		{30AD0F2F-8487-4135-86C5-78E2E9316091} = {02EA681E-C7D8-13C7-8484-4AC65E1B71E8}
		{1841041A-D3E9-4632-8510-D1935D66218C} = {02EA681E-C7D8-13C7-8484-4AC65E1B71E8}
		{92DE9A85-E2A1-6D2A-9E2D-E9428B364562} = {02EA681E-C7D8-13C7-8484-4AC65E1B71E8}
		{69202441-49CE-32CD-4CC4-DB5A2937A989} = {02EA681E-C7D8-13C7-8484-4AC65E1B71E8}
		{41F7ED61-9654-9344-1339-88A0D8394822} = {02EA681E-C7D8-13C7-8484-4AC65E1B71E8}
		{C9769576-3660-B232-1349-23E8DB4E0E01} = {02EA681E-C7D8-13C7-8484-4AC65E1B71E8}
		{BEC8E2E3-F93E-DE23-8E78-52D530F244DB} = {02EA681E-C7D8-13C7-8484-4AC65E1B71E8}
		{07E430F7-9F6C-4AFE-A399-0D1841A52F85} = {C00F27C9-E290-4679-9D3B-0E5C1E4757E9}
		{4A6F2CC2-EDEB-4C7B-8476-1CCA6281E351} = {C00F27C9-E290-4679-9D3B-0E5C1E4757E9}
		{188AB811-D175-4169-B4D6-15CDEB5976B1} = {C00F27C9-E290-4679-9D3B-0E5C1E4757E9}
		{D4CE1677-243C-881D-6737-5AC446FC347D} = {02EA681E-C7D8-13C7-8484-4AC65E1B71E8}
		{B8A63845-B06B-F063-6727-4C6D606FE9D7} = {02EA681E-C7D8-13C7-8484-4AC65E1B71E8}
		{032296D0-1AAA-1453-93B2-00EFDD61B1CD} = {02EA681E-C7D8-13C7-8484-4AC65E1B71E8}
		{05F42659-4074-ED3C-0DE6-864FBF98DE2C} = {E1A7D1EE-88E9-4789-9E23-D26AE034667C}
		{E48F2DCA-71D0-CA78-47C4-DEA3A991CA93} = {E1A7D1EE-88E9-4789-9E23-D26AE034667C}
		{E48F2FE4-91EC-4DCA-9185-384EA033C072} = {C00F27C9-E290-4679-9D3B-0E5C1E4757E9}
		{59039781-7276-4211-B91F-1818EA409055} = {E1A7D1EE-88E9-4789-9E23-D26AE034667C}
		{23EBFFF6-E501-485D-8230-2BF74648794F} = {E1A7D1EE-88E9-4789-9E23-D26AE034667C}
		{C67B7C00-B166-4661-9CC3-5551E998C17B} = {E1A7D1EE-88E9-4789-9E23-D26AE034667C}
	EndGlobalSection
	GlobalSection(ExtensibilityGlobals) = postSolution
		SolutionGuid = {F36CB54E-06D0-4BF9-B7A5-F3FA37C584B5}
	EndGlobalSection
EndGlobal
